
Microsoft Visual Studio Solution File, Format Version 12.00
# Visual Studio Version 17
VisualStudioVersion = 17.14.36429.23 d17.14
MinimumVisualStudioVersion = 10.0.40219.1
Project("{FAE04EC0-301F-11D3-BF4B-00C04F79EFBC}") = "ConsoleApp2", "ConsoleApp2.csproj", "{F9C5C00E-0E78-4341-B34A-FD2F96DCED4D}"
EndProject
Global
	GlobalSection(SolutionConfigurationPlatforms) = preSolution
		Debug|Any CPU = Debug|Any CPU
		Release|Any CPU = Release|Any CPU
	EndGlobalSection
	GlobalSection(ProjectConfigurationPlatforms) = postSolution
		{F9C5C00E-0E78-4341-B34A-FD2F96DCED4D}.Debug|Any CPU.ActiveCfg = Debug|Any CPU
		{F9C5C00E-0E78-4341-B34A-FD2F96DCED4D}.Debug|Any CPU.Build.0 = Debug|Any CPU
		{F9C5C00E-0E78-4341-B34A-FD2F96DCED4D}.Release|Any CPU.ActiveCfg = Release|Any CPU
		{F9C5C00E-0E78-4341-B34A-FD2F96DCED4D}.Release|Any CPU.Build.0 = Release|Any CPU
	EndGlobalSection
	GlobalSection(SolutionProperties) = preSolution
		HideSolutionNode = FALSE
	EndGlobalSection
	GlobalSection(ExtensibilityGlobals) = postSolution
		SolutionGuid = {62EF9D2B-4319-487B-A227-8E542B5AA77F}
	EndGlobalSection
EndGlobal
